
Microsoft Visual Studio Solution File, Format Version 11.00
# Visual Studio 2010
Project("{8BC9CEB8-8B4A-11D0-8D11-00A0C91BC942}") = "p.128", "p.128\p.128.vcxproj", "{7C0F9C0F-0E70-48C7-A7FF-9E6F3221BD00}"
EndProject
Project("{8BC9CEB8-8B4A-11D0-8D11-00A0C91BC942}") = "p.133", "p.133\p.133.vcxproj", "{5C434F9C-5323-4986-8980-381DD39E5638}"
EndProject
Project("{8BC9CEB8-8B4A-11D0-8D11-00A0C91BC942}") = "p.151_1", "p.151_1\p.151_1.vcxproj", "{5877E812-227B-4897-9D36-0646E638FBB6}"
EndProject
Project("{8BC9CEB8-8B4A-11D0-8D11-00A0C91BC942}") = "P.151_2", "P.151_2\P.151_2.vcxproj", "{F516A503-13DD-4022-9CA8-19FEF913498E}"
EndProject
Project("{8BC9CEB8-8B4A-11D0-8D11-00A0C91BC942}") = "P.151_3", "P.151_3\P.151_3.vcxproj", "{BFB2DEB1-1464-4B38-A131-81B8322243F7}"
EndProject
Project("{8BC9CEB8-8B4A-11D0-8D11-00A0C91BC942}") = "p.151_4", "p.151_4\p.151_4.vcxproj", "{205B679A-C6CE-41D5-B8FA-50543CB64656}"
EndProject
Project("{8BC9CEB8-8B4A-11D0-8D11-00A0C91BC942}") = "p.151_5", "p.151_5\p.151_5.vcxproj", "{C39DAAE7-2E37-4FBC-9B26-D7AE3D236C8A}"
EndProject
Project("{8BC9CEB8-8B4A-11D0-8D11-00A0C91BC942}") = "p.151_6", "p.151_6\p.151_6.vcxproj", "{A4FB0AD3-9B61-44C0-BA7E-EBB7FC52F527}"
EndProject
Project("{8BC9CEB8-8B4A-11D0-8D11-00A0C91BC942}") = "p.151_7", "p.151_7\p.151_7.vcxproj", "{C7F700F5-4A16-4F6C-BA4E-2B995BC3697C}"
EndProject
Project("{8BC9CEB8-8B4A-11D0-8D11-00A0C91BC942}") = "p.151_8", "p.151_8\p.151_8.vcxproj", "{3A1E9C3C-A6B5-459D-8060-ABED653E5B61}"
EndProject
Project("{8BC9CEB8-8B4A-11D0-8D11-00A0C91BC942}") = "p.151_9", "p.151_9\p.151_9.vcxproj", "{B2DBB307-4937-4FC5-9AEE-BA541A7D5DB8}"
EndProject
Project("{8BC9CEB8-8B4A-11D0-8D11-00A0C91BC942}") = "p.151_10", "p.151_10\p.151_10.vcxproj", "{5813DF94-B0C2-42A9-B175-D59D0F88ECBF}"
EndProject
Project("{8BC9CEB8-8B4A-11D0-8D11-00A0C91BC942}") = "p.151_11", "p.151_11\p.151_11.vcxproj", "{ABA40381-6660-414E-9C26-D55AB88B28CA}"
EndProject
Project("{8BC9CEB8-8B4A-11D0-8D11-00A0C91BC942}") = "p.151_12", "p.151_12\p.151_12.vcxproj", "{35BAC57F-0D9F-4B58-A61D-CDD6A22E18DE}"
EndProject
Project("{8BC9CEB8-8B4A-11D0-8D11-00A0C91BC942}") = "p.151_14", "p.151_14\p.151_14.vcxproj", "{1C2BBC05-E3D1-48E2-9E54-5B6217AF3738}"
EndProject
Project("{8BC9CEB8-8B4A-11D0-8D11-00A0C91BC942}") = "p.151_15", "p.151_15\p.151_15.vcxproj", "{F4EEAD8A-F0A4-4E31-B661-BC1045C1EFDB}"
EndProject
Project("{8BC9CEB8-8B4A-11D0-8D11-00A0C91BC942}") = "p.151_16", "p.151_16\p.151_16.vcxproj", "{E3D8578C-B96F-4E8B-89CE-505F01D4FDD8}"
EndProject
Project("{8BC9CEB8-8B4A-11D0-8D11-00A0C91BC942}") = "(심화)p.151_1", "(심화)p.151_1\(심화)p.151_1.vcxproj", "{1AF5446C-9D1F-4E89-A689-85D9BE279F88}"
EndProject
Project("{8BC9CEB8-8B4A-11D0-8D11-00A0C91BC942}") = "p.151_13", "p.151_13\p.151_13.vcxproj", "{A5F48BB0-5643-44C1-A0BE-BE91FF880351}"
EndProject
Global
	GlobalSection(SolutionConfigurationPlatforms) = preSolution
		Debug|Win32 = Debug|Win32
		Release|Win32 = Release|Win32
	EndGlobalSection
	GlobalSection(ProjectConfigurationPlatforms) = postSolution
		{7C0F9C0F-0E70-48C7-A7FF-9E6F3221BD00}.Debug|Win32.ActiveCfg = Debug|Win32
		{7C0F9C0F-0E70-48C7-A7FF-9E6F3221BD00}.Debug|Win32.Build.0 = Debug|Win32
		{7C0F9C0F-0E70-48C7-A7FF-9E6F3221BD00}.Release|Win32.ActiveCfg = Release|Win32
		{7C0F9C0F-0E70-48C7-A7FF-9E6F3221BD00}.Release|Win32.Build.0 = Release|Win32
		{5C434F9C-5323-4986-8980-381DD39E5638}.Debug|Win32.ActiveCfg = Debug|Win32
		{5C434F9C-5323-4986-8980-381DD39E5638}.Debug|Win32.Build.0 = Debug|Win32
		{5C434F9C-5323-4986-8980-381DD39E5638}.Release|Win32.ActiveCfg = Release|Win32
		{5C434F9C-5323-4986-8980-381DD39E5638}.Release|Win32.Build.0 = Release|Win32
		{5877E812-227B-4897-9D36-0646E638FBB6}.Debug|Win32.ActiveCfg = Debug|Win32
		{5877E812-227B-4897-9D36-0646E638FBB6}.Debug|Win32.Build.0 = Debug|Win32
		{5877E812-227B-4897-9D36-0646E638FBB6}.Release|Win32.ActiveCfg = Release|Win32
		{5877E812-227B-4897-9D36-0646E638FBB6}.Release|Win32.Build.0 = Release|Win32
		{F516A503-13DD-4022-9CA8-19FEF913498E}.Debug|Win32.ActiveCfg = Debug|Win32
		{F516A503-13DD-4022-9CA8-19FEF913498E}.Debug|Win32.Build.0 = Debug|Win32
		{F516A503-13DD-4022-9CA8-19FEF913498E}.Release|Win32.ActiveCfg = Release|Win32
		{F516A503-13DD-4022-9CA8-19FEF913498E}.Release|Win32.Build.0 = Release|Win32
		{BFB2DEB1-1464-4B38-A131-81B8322243F7}.Debug|Win32.ActiveCfg = Debug|Win32
		{BFB2DEB1-1464-4B38-A131-81B8322243F7}.Debug|Win32.Build.0 = Debug|Win32
		{BFB2DEB1-1464-4B38-A131-81B8322243F7}.Release|Win32.ActiveCfg = Release|Win32
		{BFB2DEB1-1464-4B38-A131-81B8322243F7}.Release|Win32.Build.0 = Release|Win32
		{205B679A-C6CE-41D5-B8FA-50543CB64656}.Debug|Win32.ActiveCfg = Debug|Win32
		{205B679A-C6CE-41D5-B8FA-50543CB64656}.Debug|Win32.Build.0 = Debug|Win32
		{205B679A-C6CE-41D5-B8FA-50543CB64656}.Release|Win32.ActiveCfg = Release|Win32
		{205B679A-C6CE-41D5-B8FA-50543CB64656}.Release|Win32.Build.0 = Release|Win32
		{C39DAAE7-2E37-4FBC-9B26-D7AE3D236C8A}.Debug|Win32.ActiveCfg = Debug|Win32
		{C39DAAE7-2E37-4FBC-9B26-D7AE3D236C8A}.Debug|Win32.Build.0 = Debug|Win32
		{C39DAAE7-2E37-4FBC-9B26-D7AE3D236C8A}.Release|Win32.ActiveCfg = Release|Win32
		{C39DAAE7-2E37-4FBC-9B26-D7AE3D236C8A}.Release|Win32.Build.0 = Release|Win32
		{A4FB0AD3-9B61-44C0-BA7E-EBB7FC52F527}.Debug|Win32.ActiveCfg = Debug|Win32
		{A4FB0AD3-9B61-44C0-BA7E-EBB7FC52F527}.Debug|Win32.Build.0 = Debug|Win32
		{A4FB0AD3-9B61-44C0-BA7E-EBB7FC52F527}.Release|Win32.ActiveCfg = Release|Win32
		{A4FB0AD3-9B61-44C0-BA7E-EBB7FC52F527}.Release|Win32.Build.0 = Release|Win32
		{C7F700F5-4A16-4F6C-BA4E-2B995BC3697C}.Debug|Win32.ActiveCfg = Debug|Win32
		{C7F700F5-4A16-4F6C-BA4E-2B995BC3697C}.Debug|Win32.Build.0 = Debug|Win32
		{C7F700F5-4A16-4F6C-BA4E-2B995BC3697C}.Release|Win32.ActiveCfg = Release|Win32
		{C7F700F5-4A16-4F6C-BA4E-2B995BC3697C}.Release|Win32.Build.0 = Release|Win32
		{3A1E9C3C-A6B5-459D-8060-ABED653E5B61}.Debug|Win32.ActiveCfg = Debug|Win32
		{3A1E9C3C-A6B5-459D-8060-ABED653E5B61}.Debug|Win32.Build.0 = Debug|Win32
		{3A1E9C3C-A6B5-459D-8060-ABED653E5B61}.Release|Win32.ActiveCfg = Release|Win32
		{3A1E9C3C-A6B5-459D-8060-ABED653E5B61}.Release|Win32.Build.0 = Release|Win32
		{B2DBB307-4937-4FC5-9AEE-BA541A7D5DB8}.Debug|Win32.ActiveCfg = Debug|Win32
		{B2DBB307-4937-4FC5-9AEE-BA541A7D5DB8}.Debug|Win32.Build.0 = Debug|Win32
		{B2DBB307-4937-4FC5-9AEE-BA541A7D5DB8}.Release|Win32.ActiveCfg = Release|Win32
		{B2DBB307-4937-4FC5-9AEE-BA541A7D5DB8}.Release|Win32.Build.0 = Release|Win32
		{5813DF94-B0C2-42A9-B175-D59D0F88ECBF}.Debug|Win32.ActiveCfg = Debug|Win32
		{5813DF94-B0C2-42A9-B175-D59D0F88ECBF}.Debug|Win32.Build.0 = Debug|Win32
		{5813DF94-B0C2-42A9-B175-D59D0F88ECBF}.Release|Win32.ActiveCfg = Release|Win32
		{5813DF94-B0C2-42A9-B175-D59D0F88ECBF}.Release|Win32.Build.0 = Release|Win32
		{ABA40381-6660-414E-9C26-D55AB88B28CA}.Debug|Win32.ActiveCfg = Debug|Win32
		{ABA40381-6660-414E-9C26-D55AB88B28CA}.Debug|Win32.Build.0 = Debug|Win32
		{ABA40381-6660-414E-9C26-D55AB88B28CA}.Release|Win32.ActiveCfg = Release|Win32
		{ABA40381-6660-414E-9C26-D55AB88B28CA}.Release|Win32.Build.0 = Release|Win32
		{35BAC57F-0D9F-4B58-A61D-CDD6A22E18DE}.Debug|Win32.ActiveCfg = Debug|Win32
		{35BAC57F-0D9F-4B58-A61D-CDD6A22E18DE}.Debug|Win32.Build.0 = Debug|Win32
		{35BAC57F-0D9F-4B58-A61D-CDD6A22E18DE}.Release|Win32.ActiveCfg = Release|Win32
		{35BAC57F-0D9F-4B58-A61D-CDD6A22E18DE}.Release|Win32.Build.0 = Release|Win32
		{1C2BBC05-E3D1-48E2-9E54-5B6217AF3738}.Debug|Win32.ActiveCfg = Debug|Win32
		{1C2BBC05-E3D1-48E2-9E54-5B6217AF3738}.Debug|Win32.Build.0 = Debug|Win32
		{1C2BBC05-E3D1-48E2-9E54-5B6217AF3738}.Release|Win32.ActiveCfg = Release|Win32
		{1C2BBC05-E3D1-48E2-9E54-5B6217AF3738}.Release|Win32.Build.0 = Release|Win32
		{F4EEAD8A-F0A4-4E31-B661-BC1045C1EFDB}.Debug|Win32.ActiveCfg = Debug|Win32
		{F4EEAD8A-F0A4-4E31-B661-BC1045C1EFDB}.Debug|Win32.Build.0 = Debug|Win32
		{F4EEAD8A-F0A4-4E31-B661-BC1045C1EFDB}.Release|Win32.ActiveCfg = Release|Win32
		{F4EEAD8A-F0A4-4E31-B661-BC1045C1EFDB}.Release|Win32.Build.0 = Release|Win32
		{E3D8578C-B96F-4E8B-89CE-505F01D4FDD8}.Debug|Win32.ActiveCfg = Debug|Win32
		{E3D8578C-B96F-4E8B-89CE-505F01D4FDD8}.Debug|Win32.Build.0 = Debug|Win32
		{E3D8578C-B96F-4E8B-89CE-505F01D4FDD8}.Release|Win32.ActiveCfg = Release|Win32
		{E3D8578C-B96F-4E8B-89CE-505F01D4FDD8}.Release|Win32.Build.0 = Release|Win32
		{1AF5446C-9D1F-4E89-A689-85D9BE279F88}.Debug|Win32.ActiveCfg = Debug|Win32
		{1AF5446C-9D1F-4E89-A689-85D9BE279F88}.Debug|Win32.Build.0 = Debug|Win32
		{1AF5446C-9D1F-4E89-A689-85D9BE279F88}.Release|Win32.ActiveCfg = Release|Win32
		{1AF5446C-9D1F-4E89-A689-85D9BE279F88}.Release|Win32.Build.0 = Release|Win32
		{A5F48BB0-5643-44C1-A0BE-BE91FF880351}.Debug|Win32.ActiveCfg = Debug|Win32
		{A5F48BB0-5643-44C1-A0BE-BE91FF880351}.Debug|Win32.Build.0 = Debug|Win32
		{A5F48BB0-5643-44C1-A0BE-BE91FF880351}.Release|Win32.ActiveCfg = Release|Win32
		{A5F48BB0-5643-44C1-A0BE-BE91FF880351}.Release|Win32.Build.0 = Release|Win32
	EndGlobalSection
	GlobalSection(SolutionProperties) = preSolution
		HideSolutionNode = FALSE
	EndGlobalSection
EndGlobal
