
Microsoft Visual Studio Solution File, Format Version 11.00
# Visual Studio 2010
Project("{8BC9CEB8-8B4A-11D0-8D11-00A0C91BC942}") = "p.167", "p.167\p.167.vcxproj", "{C116F5DA-8EAA-4B60-A8AC-7BA88FCAB976}"
EndProject
Project("{8BC9CEB8-8B4A-11D0-8D11-00A0C91BC942}") = "p.173", "p.173\p.173.vcxproj", "{AFCD2DBB-5C01-474A-BBAE-70265DE3C885}"
EndProject
Project("{8BC9CEB8-8B4A-11D0-8D11-00A0C91BC942}") = "p.176", "p.176\p.176.vcxproj", "{20B17D42-169D-4B5F-B21B-B5B2D9948906}"
EndProject
Project("{8BC9CEB8-8B4A-11D0-8D11-00A0C91BC942}") = "p.178", "p.178\p.178.vcxproj", "{692591AF-5F07-49B6-8338-7CD1A72AF4E2}"
EndProject
Project("{8BC9CEB8-8B4A-11D0-8D11-00A0C91BC942}") = "p.181", "p.181\p.181.vcxproj", "{EEF56F79-16A8-48E0-968E-1AD086511142}"
EndProject
Project("{8BC9CEB8-8B4A-11D0-8D11-00A0C91BC942}") = "p.184", "p.184\p.184.vcxproj", "{7BA24607-AEDD-4A05-A054-89A012519ADE}"
EndProject
Project("{8BC9CEB8-8B4A-11D0-8D11-00A0C91BC942}") = "p.185", "p.185\p.185.vcxproj", "{1A7C0792-E1C0-460D-A6EC-0139777993BC}"
EndProject
Project("{8BC9CEB8-8B4A-11D0-8D11-00A0C91BC942}") = "p.189", "p.189\p.189.vcxproj", "{272CF103-1980-4031-9615-09F5E56DE827}"
EndProject
Project("{8BC9CEB8-8B4A-11D0-8D11-00A0C91BC942}") = "p.194", "p.194\p.194.vcxproj", "{95DADB79-BE5F-4013-9FAC-751D4FED80BF}"
EndProject
Project("{8BC9CEB8-8B4A-11D0-8D11-00A0C91BC942}") = "P.196", "P.196\P.196.vcxproj", "{77F5FB10-EB20-4EDD-9EF7-25D7C8AE11C3}"
EndProject
Project("{8BC9CEB8-8B4A-11D0-8D11-00A0C91BC942}") = "p.200", "p.200\p.200.vcxproj", "{236F502B-2323-4FB4-B909-5C2C6A0F7C0C}"
EndProject
Project("{8BC9CEB8-8B4A-11D0-8D11-00A0C91BC942}") = "p.202", "p.202\p.202.vcxproj", "{A875053B-19A1-4430-BC92-9452B4CB40B3}"
EndProject
Project("{8BC9CEB8-8B4A-11D0-8D11-00A0C91BC942}") = "p.204", "p.204\p.204.vcxproj", "{60590CA4-2771-4C21-8510-C113EF293DCA}"
EndProject
Project("{8BC9CEB8-8B4A-11D0-8D11-00A0C91BC942}") = "p.208", "p.208\p.208.vcxproj", "{1C782E6C-675A-4C46-A3D2-224734E64DBD}"
EndProject
Project("{8BC9CEB8-8B4A-11D0-8D11-00A0C91BC942}") = "p.210_1", "p.210_1\p.210_1.vcxproj", "{30E265A4-0CF4-47AA-8AB1-86622A48ADCC}"
EndProject
Global
	GlobalSection(SolutionConfigurationPlatforms) = preSolution
		Debug|Win32 = Debug|Win32
		Release|Win32 = Release|Win32
	EndGlobalSection
	GlobalSection(ProjectConfigurationPlatforms) = postSolution
		{C116F5DA-8EAA-4B60-A8AC-7BA88FCAB976}.Debug|Win32.ActiveCfg = Debug|Win32
		{C116F5DA-8EAA-4B60-A8AC-7BA88FCAB976}.Debug|Win32.Build.0 = Debug|Win32
		{C116F5DA-8EAA-4B60-A8AC-7BA88FCAB976}.Release|Win32.ActiveCfg = Release|Win32
		{C116F5DA-8EAA-4B60-A8AC-7BA88FCAB976}.Release|Win32.Build.0 = Release|Win32
		{AFCD2DBB-5C01-474A-BBAE-70265DE3C885}.Debug|Win32.ActiveCfg = Debug|Win32
		{AFCD2DBB-5C01-474A-BBAE-70265DE3C885}.Debug|Win32.Build.0 = Debug|Win32
		{AFCD2DBB-5C01-474A-BBAE-70265DE3C885}.Release|Win32.ActiveCfg = Release|Win32
		{AFCD2DBB-5C01-474A-BBAE-70265DE3C885}.Release|Win32.Build.0 = Release|Win32
		{20B17D42-169D-4B5F-B21B-B5B2D9948906}.Debug|Win32.ActiveCfg = Debug|Win32
		{20B17D42-169D-4B5F-B21B-B5B2D9948906}.Debug|Win32.Build.0 = Debug|Win32
		{20B17D42-169D-4B5F-B21B-B5B2D9948906}.Release|Win32.ActiveCfg = Release|Win32
		{20B17D42-169D-4B5F-B21B-B5B2D9948906}.Release|Win32.Build.0 = Release|Win32
		{692591AF-5F07-49B6-8338-7CD1A72AF4E2}.Debug|Win32.ActiveCfg = Debug|Win32
		{692591AF-5F07-49B6-8338-7CD1A72AF4E2}.Debug|Win32.Build.0 = Debug|Win32
		{692591AF-5F07-49B6-8338-7CD1A72AF4E2}.Release|Win32.ActiveCfg = Release|Win32
		{692591AF-5F07-49B6-8338-7CD1A72AF4E2}.Release|Win32.Build.0 = Release|Win32
		{EEF56F79-16A8-48E0-968E-1AD086511142}.Debug|Win32.ActiveCfg = Debug|Win32
		{EEF56F79-16A8-48E0-968E-1AD086511142}.Debug|Win32.Build.0 = Debug|Win32
		{EEF56F79-16A8-48E0-968E-1AD086511142}.Release|Win32.ActiveCfg = Release|Win32
		{EEF56F79-16A8-48E0-968E-1AD086511142}.Release|Win32.Build.0 = Release|Win32
		{7BA24607-AEDD-4A05-A054-89A012519ADE}.Debug|Win32.ActiveCfg = Debug|Win32
		{7BA24607-AEDD-4A05-A054-89A012519ADE}.Debug|Win32.Build.0 = Debug|Win32
		{7BA24607-AEDD-4A05-A054-89A012519ADE}.Release|Win32.ActiveCfg = Release|Win32
		{7BA24607-AEDD-4A05-A054-89A012519ADE}.Release|Win32.Build.0 = Release|Win32
		{1A7C0792-E1C0-460D-A6EC-0139777993BC}.Debug|Win32.ActiveCfg = Debug|Win32
		{1A7C0792-E1C0-460D-A6EC-0139777993BC}.Debug|Win32.Build.0 = Debug|Win32
		{1A7C0792-E1C0-460D-A6EC-0139777993BC}.Release|Win32.ActiveCfg = Release|Win32
		{1A7C0792-E1C0-460D-A6EC-0139777993BC}.Release|Win32.Build.0 = Release|Win32
		{272CF103-1980-4031-9615-09F5E56DE827}.Debug|Win32.ActiveCfg = Debug|Win32
		{272CF103-1980-4031-9615-09F5E56DE827}.Debug|Win32.Build.0 = Debug|Win32
		{272CF103-1980-4031-9615-09F5E56DE827}.Release|Win32.ActiveCfg = Release|Win32
		{272CF103-1980-4031-9615-09F5E56DE827}.Release|Win32.Build.0 = Release|Win32
		{95DADB79-BE5F-4013-9FAC-751D4FED80BF}.Debug|Win32.ActiveCfg = Debug|Win32
		{95DADB79-BE5F-4013-9FAC-751D4FED80BF}.Debug|Win32.Build.0 = Debug|Win32
		{95DADB79-BE5F-4013-9FAC-751D4FED80BF}.Release|Win32.ActiveCfg = Release|Win32
		{95DADB79-BE5F-4013-9FAC-751D4FED80BF}.Release|Win32.Build.0 = Release|Win32
		{77F5FB10-EB20-4EDD-9EF7-25D7C8AE11C3}.Debug|Win32.ActiveCfg = Debug|Win32
		{77F5FB10-EB20-4EDD-9EF7-25D7C8AE11C3}.Debug|Win32.Build.0 = Debug|Win32
		{77F5FB10-EB20-4EDD-9EF7-25D7C8AE11C3}.Release|Win32.ActiveCfg = Release|Win32
		{77F5FB10-EB20-4EDD-9EF7-25D7C8AE11C3}.Release|Win32.Build.0 = Release|Win32
		{236F502B-2323-4FB4-B909-5C2C6A0F7C0C}.Debug|Win32.ActiveCfg = Debug|Win32
		{236F502B-2323-4FB4-B909-5C2C6A0F7C0C}.Debug|Win32.Build.0 = Debug|Win32
		{236F502B-2323-4FB4-B909-5C2C6A0F7C0C}.Release|Win32.ActiveCfg = Release|Win32
		{236F502B-2323-4FB4-B909-5C2C6A0F7C0C}.Release|Win32.Build.0 = Release|Win32
		{A875053B-19A1-4430-BC92-9452B4CB40B3}.Debug|Win32.ActiveCfg = Debug|Win32
		{A875053B-19A1-4430-BC92-9452B4CB40B3}.Debug|Win32.Build.0 = Debug|Win32
		{A875053B-19A1-4430-BC92-9452B4CB40B3}.Release|Win32.ActiveCfg = Release|Win32
		{A875053B-19A1-4430-BC92-9452B4CB40B3}.Release|Win32.Build.0 = Release|Win32
		{60590CA4-2771-4C21-8510-C113EF293DCA}.Debug|Win32.ActiveCfg = Debug|Win32
		{60590CA4-2771-4C21-8510-C113EF293DCA}.Debug|Win32.Build.0 = Debug|Win32
		{60590CA4-2771-4C21-8510-C113EF293DCA}.Release|Win32.ActiveCfg = Release|Win32
		{60590CA4-2771-4C21-8510-C113EF293DCA}.Release|Win32.Build.0 = Release|Win32
		{1C782E6C-675A-4C46-A3D2-224734E64DBD}.Debug|Win32.ActiveCfg = Debug|Win32
		{1C782E6C-675A-4C46-A3D2-224734E64DBD}.Debug|Win32.Build.0 = Debug|Win32
		{1C782E6C-675A-4C46-A3D2-224734E64DBD}.Release|Win32.ActiveCfg = Release|Win32
		{1C782E6C-675A-4C46-A3D2-224734E64DBD}.Release|Win32.Build.0 = Release|Win32
		{30E265A4-0CF4-47AA-8AB1-86622A48ADCC}.Debug|Win32.ActiveCfg = Debug|Win32
		{30E265A4-0CF4-47AA-8AB1-86622A48ADCC}.Debug|Win32.Build.0 = Debug|Win32
		{30E265A4-0CF4-47AA-8AB1-86622A48ADCC}.Release|Win32.ActiveCfg = Release|Win32
		{30E265A4-0CF4-47AA-8AB1-86622A48ADCC}.Release|Win32.Build.0 = Release|Win32
	EndGlobalSection
	GlobalSection(SolutionProperties) = preSolution
		HideSolutionNode = FALSE
	EndGlobalSection
EndGlobal
