
Microsoft Visual Studio Solution File, Format Version 11.00
# Visual Studio 2010
Project("{8BC9CEB8-8B4A-11D0-8D11-00A0C91BC942}") = "p.223", "p.223\p.223.vcxproj", "{9965181C-7DB6-4A75-B717-81855927CF71}"
EndProject
Global
	GlobalSection(SolutionConfigurationPlatforms) = preSolution
		Debug|Win32 = Debug|Win32
		Release|Win32 = Release|Win32
	EndGlobalSection
	GlobalSection(ProjectConfigurationPlatforms) = postSolution
		{9965181C-7DB6-4A75-B717-81855927CF71}.Debug|Win32.ActiveCfg = Debug|Win32
		{9965181C-7DB6-4A75-B717-81855927CF71}.Debug|Win32.Build.0 = Debug|Win32
		{9965181C-7DB6-4A75-B717-81855927CF71}.Release|Win32.ActiveCfg = Release|Win32
		{9965181C-7DB6-4A75-B717-81855927CF71}.Release|Win32.Build.0 = Release|Win32
	EndGlobalSection
	GlobalSection(SolutionProperties) = preSolution
		HideSolutionNode = FALSE
	EndGlobalSection
EndGlobal
