
Microsoft Visual Studio Solution File, Format Version 11.00
# Visual Studio 2010
Project("{8BC9CEB8-8B4A-11D0-8D11-00A0C91BC942}") = "p.223", "p.223\p.223.vcxproj", "{9965181C-7DB6-4A75-B717-81855927CF71}"
EndProject
Project("{8BC9CEB8-8B4A-11D0-8D11-00A0C91BC942}") = "p.229", "p.229\p.229.vcxproj", "{649E72BF-0FEF-4511-8EF1-2D6C1C8DBA63}"
EndProject
Project("{8BC9CEB8-8B4A-11D0-8D11-00A0C91BC942}") = "p.231", "p.231\p.231.vcxproj", "{6A6FC34D-B7D5-4C0A-96DA-6998607A4E2C}"
EndProject
Project("{8BC9CEB8-8B4A-11D0-8D11-00A0C91BC942}") = "p.235", "p.235\p.235.vcxproj", "{3828B4B1-491F-4092-B5DC-AA3ACD0987E4}"
EndProject
Project("{8BC9CEB8-8B4A-11D0-8D11-00A0C91BC942}") = "p.242", "p.242\p.242.vcxproj", "{30186583-52DC-437B-B8B4-6D9E76B26118}"
EndProject
Project("{8BC9CEB8-8B4A-11D0-8D11-00A0C91BC942}") = "p.244", "p.244\p.244.vcxproj", "{5519D2B8-97FA-4AC4-9856-8A095EA340C5}"
EndProject
Project("{8BC9CEB8-8B4A-11D0-8D11-00A0C91BC942}") = "p.248", "p.248\p.248.vcxproj", "{3084FED6-0549-446E-AFC8-2D2FA693913A}"
EndProject
Project("{8BC9CEB8-8B4A-11D0-8D11-00A0C91BC942}") = "p.252_1", "p.252_1\p.252_1.vcxproj", "{0DD08EE0-BFBC-4A73-82D5-2119B94803C3}"
EndProject
Project("{8BC9CEB8-8B4A-11D0-8D11-00A0C91BC942}") = "p.252_2", "p.252_2\p.252_2.vcxproj", "{8EB3D260-5404-4E4C-8B66-56F7D75C50E3}"
EndProject
Project("{8BC9CEB8-8B4A-11D0-8D11-00A0C91BC942}") = "p.252_3", "p.252_3\p.252_3.vcxproj", "{A075627C-446D-4881-A447-EB07D54B755C}"
EndProject
Project("{8BC9CEB8-8B4A-11D0-8D11-00A0C91BC942}") = "p.252_4", "p.252_4\p.252_4.vcxproj", "{D5694127-C0F1-4C2D-8B59-A8193A7EFF12}"
EndProject
Project("{8BC9CEB8-8B4A-11D0-8D11-00A0C91BC942}") = "p.252_5", "p.252_5\p.252_5.vcxproj", "{D8AB2A7C-1061-4EB8-B915-7DE25B2932AC}"
EndProject
Project("{8BC9CEB8-8B4A-11D0-8D11-00A0C91BC942}") = "p.252_6", "p.252_6\p.252_6.vcxproj", "{F1DE4FBE-7851-4DB8-87E2-02F83F11F4F3}"
EndProject
Project("{8BC9CEB8-8B4A-11D0-8D11-00A0C91BC942}") = "p.252_7", "p.252_7\p.252_7.vcxproj", "{1416F758-0EF7-405F-9124-3DC092495C32}"
EndProject
Project("{8BC9CEB8-8B4A-11D0-8D11-00A0C91BC942}") = "p.252_8", "p.252_8\p.252_8.vcxproj", "{6208B2B2-CA5B-404C-B08C-8B70603823B0}"
EndProject
Project("{8BC9CEB8-8B4A-11D0-8D11-00A0C91BC942}") = "p.252_9", "p.252_9\p.252_9.vcxproj", "{E929E48C-D0E1-4E3B-980C-B965457BD07F}"
EndProject
Project("{8BC9CEB8-8B4A-11D0-8D11-00A0C91BC942}") = "p.252_10", "p.252_10\p.252_10.vcxproj", "{E8D72847-8C13-4DCB-B965-02441A618231}"
EndProject
Project("{8BC9CEB8-8B4A-11D0-8D11-00A0C91BC942}") = "p.252_11", "p.252_11\p.252_11.vcxproj", "{8D70BC5F-60BE-45F1-838C-47DE9AEEB83F}"
EndProject
Project("{8BC9CEB8-8B4A-11D0-8D11-00A0C91BC942}") = "p.252_12", "p.252_12\p.252_12.vcxproj", "{DA9F412C-A695-4389-B10C-B590D16A6990}"
EndProject
Project("{8BC9CEB8-8B4A-11D0-8D11-00A0C91BC942}") = "p.252_13", "p.252_13\p.252_13.vcxproj", "{979F8BC6-478F-47CA-A8FA-28BDFDD84B8D}"
EndProject
Project("{8BC9CEB8-8B4A-11D0-8D11-00A0C91BC942}") = "p.252_14", "p.252_14\p.252_14.vcxproj", "{FB9E431D-2258-49D3-80B5-F24CAF9EA53E}"
EndProject
Project("{8BC9CEB8-8B4A-11D0-8D11-00A0C91BC942}") = "p.252_15", "p.252_15\p.252_15.vcxproj", "{AC102F5C-06F9-46F1-88CE-04B81AE5EC24}"
EndProject
Project("{8BC9CEB8-8B4A-11D0-8D11-00A0C91BC942}") = "p.252_16", "p.252_16\p.252_16.vcxproj", "{2DFBAD18-447D-478F-956C-2181B21669DF}"
EndProject
Global
	GlobalSection(SolutionConfigurationPlatforms) = preSolution
		Debug|Win32 = Debug|Win32
		Release|Win32 = Release|Win32
	EndGlobalSection
	GlobalSection(ProjectConfigurationPlatforms) = postSolution
		{9965181C-7DB6-4A75-B717-81855927CF71}.Debug|Win32.ActiveCfg = Debug|Win32
		{9965181C-7DB6-4A75-B717-81855927CF71}.Debug|Win32.Build.0 = Debug|Win32
		{9965181C-7DB6-4A75-B717-81855927CF71}.Release|Win32.ActiveCfg = Release|Win32
		{9965181C-7DB6-4A75-B717-81855927CF71}.Release|Win32.Build.0 = Release|Win32
		{649E72BF-0FEF-4511-8EF1-2D6C1C8DBA63}.Debug|Win32.ActiveCfg = Debug|Win32
		{649E72BF-0FEF-4511-8EF1-2D6C1C8DBA63}.Debug|Win32.Build.0 = Debug|Win32
		{649E72BF-0FEF-4511-8EF1-2D6C1C8DBA63}.Release|Win32.ActiveCfg = Release|Win32
		{649E72BF-0FEF-4511-8EF1-2D6C1C8DBA63}.Release|Win32.Build.0 = Release|Win32
		{6A6FC34D-B7D5-4C0A-96DA-6998607A4E2C}.Debug|Win32.ActiveCfg = Debug|Win32
		{6A6FC34D-B7D5-4C0A-96DA-6998607A4E2C}.Debug|Win32.Build.0 = Debug|Win32
		{6A6FC34D-B7D5-4C0A-96DA-6998607A4E2C}.Release|Win32.ActiveCfg = Release|Win32
		{6A6FC34D-B7D5-4C0A-96DA-6998607A4E2C}.Release|Win32.Build.0 = Release|Win32
		{3828B4B1-491F-4092-B5DC-AA3ACD0987E4}.Debug|Win32.ActiveCfg = Debug|Win32
		{3828B4B1-491F-4092-B5DC-AA3ACD0987E4}.Debug|Win32.Build.0 = Debug|Win32
		{3828B4B1-491F-4092-B5DC-AA3ACD0987E4}.Release|Win32.ActiveCfg = Release|Win32
		{3828B4B1-491F-4092-B5DC-AA3ACD0987E4}.Release|Win32.Build.0 = Release|Win32
		{30186583-52DC-437B-B8B4-6D9E76B26118}.Debug|Win32.ActiveCfg = Debug|Win32
		{30186583-52DC-437B-B8B4-6D9E76B26118}.Debug|Win32.Build.0 = Debug|Win32
		{30186583-52DC-437B-B8B4-6D9E76B26118}.Release|Win32.ActiveCfg = Release|Win32
		{30186583-52DC-437B-B8B4-6D9E76B26118}.Release|Win32.Build.0 = Release|Win32
		{5519D2B8-97FA-4AC4-9856-8A095EA340C5}.Debug|Win32.ActiveCfg = Debug|Win32
		{5519D2B8-97FA-4AC4-9856-8A095EA340C5}.Debug|Win32.Build.0 = Debug|Win32
		{5519D2B8-97FA-4AC4-9856-8A095EA340C5}.Release|Win32.ActiveCfg = Release|Win32
		{5519D2B8-97FA-4AC4-9856-8A095EA340C5}.Release|Win32.Build.0 = Release|Win32
		{3084FED6-0549-446E-AFC8-2D2FA693913A}.Debug|Win32.ActiveCfg = Debug|Win32
		{3084FED6-0549-446E-AFC8-2D2FA693913A}.Debug|Win32.Build.0 = Debug|Win32
		{3084FED6-0549-446E-AFC8-2D2FA693913A}.Release|Win32.ActiveCfg = Release|Win32
		{3084FED6-0549-446E-AFC8-2D2FA693913A}.Release|Win32.Build.0 = Release|Win32
		{0DD08EE0-BFBC-4A73-82D5-2119B94803C3}.Debug|Win32.ActiveCfg = Debug|Win32
		{0DD08EE0-BFBC-4A73-82D5-2119B94803C3}.Debug|Win32.Build.0 = Debug|Win32
		{0DD08EE0-BFBC-4A73-82D5-2119B94803C3}.Release|Win32.ActiveCfg = Release|Win32
		{0DD08EE0-BFBC-4A73-82D5-2119B94803C3}.Release|Win32.Build.0 = Release|Win32
		{8EB3D260-5404-4E4C-8B66-56F7D75C50E3}.Debug|Win32.ActiveCfg = Debug|Win32
		{8EB3D260-5404-4E4C-8B66-56F7D75C50E3}.Debug|Win32.Build.0 = Debug|Win32
		{8EB3D260-5404-4E4C-8B66-56F7D75C50E3}.Release|Win32.ActiveCfg = Release|Win32
		{8EB3D260-5404-4E4C-8B66-56F7D75C50E3}.Release|Win32.Build.0 = Release|Win32
		{A075627C-446D-4881-A447-EB07D54B755C}.Debug|Win32.ActiveCfg = Debug|Win32
		{A075627C-446D-4881-A447-EB07D54B755C}.Debug|Win32.Build.0 = Debug|Win32
		{A075627C-446D-4881-A447-EB07D54B755C}.Release|Win32.ActiveCfg = Release|Win32
		{A075627C-446D-4881-A447-EB07D54B755C}.Release|Win32.Build.0 = Release|Win32
		{D5694127-C0F1-4C2D-8B59-A8193A7EFF12}.Debug|Win32.ActiveCfg = Debug|Win32
		{D5694127-C0F1-4C2D-8B59-A8193A7EFF12}.Debug|Win32.Build.0 = Debug|Win32
		{D5694127-C0F1-4C2D-8B59-A8193A7EFF12}.Release|Win32.ActiveCfg = Release|Win32
		{D5694127-C0F1-4C2D-8B59-A8193A7EFF12}.Release|Win32.Build.0 = Release|Win32
		{D8AB2A7C-1061-4EB8-B915-7DE25B2932AC}.Debug|Win32.ActiveCfg = Debug|Win32
		{D8AB2A7C-1061-4EB8-B915-7DE25B2932AC}.Debug|Win32.Build.0 = Debug|Win32
		{D8AB2A7C-1061-4EB8-B915-7DE25B2932AC}.Release|Win32.ActiveCfg = Release|Win32
		{D8AB2A7C-1061-4EB8-B915-7DE25B2932AC}.Release|Win32.Build.0 = Release|Win32
		{F1DE4FBE-7851-4DB8-87E2-02F83F11F4F3}.Debug|Win32.ActiveCfg = Debug|Win32
		{F1DE4FBE-7851-4DB8-87E2-02F83F11F4F3}.Debug|Win32.Build.0 = Debug|Win32
		{F1DE4FBE-7851-4DB8-87E2-02F83F11F4F3}.Release|Win32.ActiveCfg = Release|Win32
		{F1DE4FBE-7851-4DB8-87E2-02F83F11F4F3}.Release|Win32.Build.0 = Release|Win32
		{1416F758-0EF7-405F-9124-3DC092495C32}.Debug|Win32.ActiveCfg = Debug|Win32
		{1416F758-0EF7-405F-9124-3DC092495C32}.Debug|Win32.Build.0 = Debug|Win32
		{1416F758-0EF7-405F-9124-3DC092495C32}.Release|Win32.ActiveCfg = Release|Win32
		{1416F758-0EF7-405F-9124-3DC092495C32}.Release|Win32.Build.0 = Release|Win32
		{6208B2B2-CA5B-404C-B08C-8B70603823B0}.Debug|Win32.ActiveCfg = Debug|Win32
		{6208B2B2-CA5B-404C-B08C-8B70603823B0}.Debug|Win32.Build.0 = Debug|Win32
		{6208B2B2-CA5B-404C-B08C-8B70603823B0}.Release|Win32.ActiveCfg = Release|Win32
		{6208B2B2-CA5B-404C-B08C-8B70603823B0}.Release|Win32.Build.0 = Release|Win32
		{E929E48C-D0E1-4E3B-980C-B965457BD07F}.Debug|Win32.ActiveCfg = Debug|Win32
		{E929E48C-D0E1-4E3B-980C-B965457BD07F}.Debug|Win32.Build.0 = Debug|Win32
		{E929E48C-D0E1-4E3B-980C-B965457BD07F}.Release|Win32.ActiveCfg = Release|Win32
		{E929E48C-D0E1-4E3B-980C-B965457BD07F}.Release|Win32.Build.0 = Release|Win32
		{E8D72847-8C13-4DCB-B965-02441A618231}.Debug|Win32.ActiveCfg = Debug|Win32
		{E8D72847-8C13-4DCB-B965-02441A618231}.Debug|Win32.Build.0 = Debug|Win32
		{E8D72847-8C13-4DCB-B965-02441A618231}.Release|Win32.ActiveCfg = Release|Win32
		{E8D72847-8C13-4DCB-B965-02441A618231}.Release|Win32.Build.0 = Release|Win32
		{8D70BC5F-60BE-45F1-838C-47DE9AEEB83F}.Debug|Win32.ActiveCfg = Debug|Win32
		{8D70BC5F-60BE-45F1-838C-47DE9AEEB83F}.Debug|Win32.Build.0 = Debug|Win32
		{8D70BC5F-60BE-45F1-838C-47DE9AEEB83F}.Release|Win32.ActiveCfg = Release|Win32
		{8D70BC5F-60BE-45F1-838C-47DE9AEEB83F}.Release|Win32.Build.0 = Release|Win32
		{DA9F412C-A695-4389-B10C-B590D16A6990}.Debug|Win32.ActiveCfg = Debug|Win32
		{DA9F412C-A695-4389-B10C-B590D16A6990}.Debug|Win32.Build.0 = Debug|Win32
		{DA9F412C-A695-4389-B10C-B590D16A6990}.Release|Win32.ActiveCfg = Release|Win32
		{DA9F412C-A695-4389-B10C-B590D16A6990}.Release|Win32.Build.0 = Release|Win32
		{979F8BC6-478F-47CA-A8FA-28BDFDD84B8D}.Debug|Win32.ActiveCfg = Debug|Win32
		{979F8BC6-478F-47CA-A8FA-28BDFDD84B8D}.Debug|Win32.Build.0 = Debug|Win32
		{979F8BC6-478F-47CA-A8FA-28BDFDD84B8D}.Release|Win32.ActiveCfg = Release|Win32
		{979F8BC6-478F-47CA-A8FA-28BDFDD84B8D}.Release|Win32.Build.0 = Release|Win32
		{FB9E431D-2258-49D3-80B5-F24CAF9EA53E}.Debug|Win32.ActiveCfg = Debug|Win32
		{FB9E431D-2258-49D3-80B5-F24CAF9EA53E}.Debug|Win32.Build.0 = Debug|Win32
		{FB9E431D-2258-49D3-80B5-F24CAF9EA53E}.Release|Win32.ActiveCfg = Release|Win32
		{FB9E431D-2258-49D3-80B5-F24CAF9EA53E}.Release|Win32.Build.0 = Release|Win32
		{AC102F5C-06F9-46F1-88CE-04B81AE5EC24}.Debug|Win32.ActiveCfg = Debug|Win32
		{AC102F5C-06F9-46F1-88CE-04B81AE5EC24}.Debug|Win32.Build.0 = Debug|Win32
		{AC102F5C-06F9-46F1-88CE-04B81AE5EC24}.Release|Win32.ActiveCfg = Release|Win32
		{AC102F5C-06F9-46F1-88CE-04B81AE5EC24}.Release|Win32.Build.0 = Release|Win32
		{2DFBAD18-447D-478F-956C-2181B21669DF}.Debug|Win32.ActiveCfg = Debug|Win32
		{2DFBAD18-447D-478F-956C-2181B21669DF}.Debug|Win32.Build.0 = Debug|Win32
		{2DFBAD18-447D-478F-956C-2181B21669DF}.Release|Win32.ActiveCfg = Release|Win32
		{2DFBAD18-447D-478F-956C-2181B21669DF}.Release|Win32.Build.0 = Release|Win32
	EndGlobalSection
	GlobalSection(SolutionProperties) = preSolution
		HideSolutionNode = FALSE
	EndGlobalSection
EndGlobal
