
Microsoft Visual Studio Solution File, Format Version 11.00
# Visual Studio 2010
Project("{8BC9CEB8-8B4A-11D0-8D11-00A0C91BC942}") = "p.73", "p.73\p.73.vcxproj", "{D3E4F3CF-A28D-44F3-B3E5-E181224911DE}"
EndProject
Project("{8BC9CEB8-8B4A-11D0-8D11-00A0C91BC942}") = "p.81", "p.81\p.81.vcxproj", "{96601DBD-8D3A-4B73-9E8D-6E57CA499D7B}"
EndProject
Project("{8BC9CEB8-8B4A-11D0-8D11-00A0C91BC942}") = "p.82", "p.82\p.82.vcxproj", "{386E855F-D2D9-4D6C-A9FF-52341832636C}"
EndProject
Project("{8BC9CEB8-8B4A-11D0-8D11-00A0C91BC942}") = "p.84", "p.84\p.84.vcxproj", "{AE3F81FD-AFEA-4F44-85FE-FAA07CFDDC0B}"
EndProject
Project("{8BC9CEB8-8B4A-11D0-8D11-00A0C91BC942}") = "p.85", "p.85\p.85.vcxproj", "{49DE8965-9551-4CE9-A7BE-C17DCCC7F153}"
EndProject
Project("{8BC9CEB8-8B4A-11D0-8D11-00A0C91BC942}") = "p.86", "p..86\p..86.vcxproj", "{D701D9A4-5D6A-4A16-9D1A-85F3BBB86601}"
EndProject
Project("{8BC9CEB8-8B4A-11D0-8D11-00A0C91BC942}") = "p.87", "p.87\p.87.vcxproj", "{A16507DD-114B-4AB5-8E9F-C32C1520BECA}"
EndProject
Project("{8BC9CEB8-8B4A-11D0-8D11-00A0C91BC942}") = "p.88", "p.88\p.88.vcxproj", "{1BE0B11B-5C9B-40DB-B849-856BE53E2B55}"
EndProject
Project("{8BC9CEB8-8B4A-11D0-8D11-00A0C91BC942}") = "p.88_2", "p.88_2\p.88_2.vcxproj", "{F4CA1F37-F033-47F8-9483-0EA8F6CF6C83}"
EndProject
Project("{8BC9CEB8-8B4A-11D0-8D11-00A0C91BC942}") = "p.91", "p.91\p.91.vcxproj", "{9A3E1337-A9C7-4187-96A1-8505C7F7B744}"
EndProject
Project("{8BC9CEB8-8B4A-11D0-8D11-00A0C91BC942}") = "p.92", "p.92\p.92.vcxproj", "{ED8EF2FC-363A-4C4C-9B54-EF2C6F3E0E92}"
EndProject
Project("{8BC9CEB8-8B4A-11D0-8D11-00A0C91BC942}") = "p.92_2", "p.92_2\p.92_2.vcxproj", "{2E8B679B-2451-448C-AA5B-06BAE2BA8F2D}"
EndProject
Project("{8BC9CEB8-8B4A-11D0-8D11-00A0C91BC942}") = "p.93", "p.93\p.93.vcxproj", "{9211F603-D47A-4BC6-9B76-4EFF7633F9E2}"
EndProject
Project("{8BC9CEB8-8B4A-11D0-8D11-00A0C91BC942}") = "p.95", "p.95\p.95.vcxproj", "{9A1B5382-0E59-467F-91D8-C1DD29DC0174}"
EndProject
Project("{8BC9CEB8-8B4A-11D0-8D11-00A0C91BC942}") = "p.96", "p.96\p.96.vcxproj", "{866E5F9C-C2D3-4B96-9928-37D9B06F2F99}"
EndProject
Project("{8BC9CEB8-8B4A-11D0-8D11-00A0C91BC942}") = "p.97", "p.97\p.97.vcxproj", "{DE70A939-C522-4D56-9AB3-C7806149B746}"
EndProject
Project("{8BC9CEB8-8B4A-11D0-8D11-00A0C91BC942}") = "p.97_2", "p.97_2\p.97_2.vcxproj", "{ECD91C76-60AB-43C1-9522-1064DCC622D4}"
EndProject
Project("{8BC9CEB8-8B4A-11D0-8D11-00A0C91BC942}") = "p.101", "p.101\p.101.vcxproj", "{F52289F9-9CE5-431B-A0E7-8EB8D1BBCE77}"
EndProject
Project("{8BC9CEB8-8B4A-11D0-8D11-00A0C91BC942}") = "p.102", "p.102\p.102.vcxproj", "{F91A0468-0009-4545-A652-DFA7E3E28B1D}"
EndProject
Project("{8BC9CEB8-8B4A-11D0-8D11-00A0C91BC942}") = "p.103", "p.103\p.103.vcxproj", "{80E2B739-EA2F-42FE-BFEA-6EB8704C2F13}"
EndProject
Project("{8BC9CEB8-8B4A-11D0-8D11-00A0C91BC942}") = "p.107_1", "p.107_1\p.107_1.vcxproj", "{2E2E1BAE-88A7-400A-9AFF-D173AC7DFD05}"
EndProject
Project("{8BC9CEB8-8B4A-11D0-8D11-00A0C91BC942}") = "p.107_2", "p.107_2\p.107_2.vcxproj", "{0C789670-E718-4065-84E2-36FA10F33492}"
EndProject
Project("{8BC9CEB8-8B4A-11D0-8D11-00A0C91BC942}") = "p.107_3", "p.107_3\p.107_3.vcxproj", "{D561B2BD-64F2-4447-9C26-B54995F44665}"
EndProject
Project("{8BC9CEB8-8B4A-11D0-8D11-00A0C91BC942}") = "p.107_4", "p.107_4\p.107_4.vcxproj", "{E1C4B6FC-0122-49DC-88F9-194A0BF0A515}"
EndProject
Project("{8BC9CEB8-8B4A-11D0-8D11-00A0C91BC942}") = "p.107_5", "p.107_5\p.107_5.vcxproj", "{623D2093-1F45-4250-8970-23B5510B1E7A}"
EndProject
Project("{8BC9CEB8-8B4A-11D0-8D11-00A0C91BC942}") = "p.107_6", "p.107_6\p.107_6.vcxproj", "{8B436682-D0F7-4F6A-BCCF-52A4B8B6E2FD}"
EndProject
Project("{8BC9CEB8-8B4A-11D0-8D11-00A0C91BC942}") = "p.107_7", "p.107_7\p.107_7.vcxproj", "{72EA710B-AEC1-43D3-80DD-98514515591B}"
EndProject
Project("{8BC9CEB8-8B4A-11D0-8D11-00A0C91BC942}") = "p.107_8", "p.107_8\p.107_8.vcxproj", "{4D313858-20DA-49FF-853E-10DCF1684212}"
EndProject
Project("{8BC9CEB8-8B4A-11D0-8D11-00A0C91BC942}") = "p.107_9", "p.107_9\p.107_9.vcxproj", "{68214DE4-197A-488B-8803-F46FC4C63256}"
EndProject
Project("{8BC9CEB8-8B4A-11D0-8D11-00A0C91BC942}") = "p.107_10", "p.107_10\p.107_10.vcxproj", "{F134CA97-129E-4674-A0F8-289EBB6865A8}"
EndProject
Project("{8BC9CEB8-8B4A-11D0-8D11-00A0C91BC942}") = "p.107_11", "p.107_11\p.107_11.vcxproj", "{2B298E8F-3E07-49B8-AC75-FA3A48513C39}"
EndProject
Project("{8BC9CEB8-8B4A-11D0-8D11-00A0C91BC942}") = "p.107_12", "p.107_12\p.107_12.vcxproj", "{0061717D-0DD2-4B05-B946-C8C28743B193}"
EndProject
Project("{8BC9CEB8-8B4A-11D0-8D11-00A0C91BC942}") = "p.107_13", "p.107_13\p.107_13.vcxproj", "{92DAFFCA-66C2-48AF-8B7A-96A3B1C52E1C}"
EndProject
Project("{8BC9CEB8-8B4A-11D0-8D11-00A0C91BC942}") = "P.107_14", "P.107_14\P.107_14.vcxproj", "{470B99AF-BC9C-4DFF-B357-17AA36005662}"
EndProject
Project("{8BC9CEB8-8B4A-11D0-8D11-00A0C91BC942}") = "p.107_15", "p.107_15\p.107_15.vcxproj", "{F98E770D-89E1-49FB-9ED1-F8BBDE73B12B}"
EndProject
Project("{8BC9CEB8-8B4A-11D0-8D11-00A0C91BC942}") = "p.107_16", "p.107_16\p.107_16.vcxproj", "{9757E8B1-6FB3-4B9B-9290-99F788A5E9E0}"
EndProject
Project("{8BC9CEB8-8B4A-11D0-8D11-00A0C91BC942}") = "(심화)p.107_1", "(심화)p.107_1\(심화)p.107_1.vcxproj", "{8EC4462A-913A-4301-BF4F-2F65FE4D2F3A}"
EndProject
Project("{8BC9CEB8-8B4A-11D0-8D11-00A0C91BC942}") = "(심화)p.107_2", "(심화)p.107_2\(심화)p.107_2.vcxproj", "{7F95E483-68CA-42DD-8940-360E42D3BA6C}"
EndProject
Project("{8BC9CEB8-8B4A-11D0-8D11-00A0C91BC942}") = "(심화)p.107_3", "(심화)p.107_3\(심화)p.107_3.vcxproj", "{10CE8612-16E2-4153-BF3F-82BF6E052981}"
EndProject
Project("{8BC9CEB8-8B4A-11D0-8D11-00A0C91BC942}") = "(심화)p.107_4", "(심화)p.107_4\(심화)p.107_4.vcxproj", "{0551F09B-F0E5-4A25-A743-8D1800FAF691}"
EndProject
Global
	GlobalSection(SolutionConfigurationPlatforms) = preSolution
		Debug|Win32 = Debug|Win32
		Release|Win32 = Release|Win32
	EndGlobalSection
	GlobalSection(ProjectConfigurationPlatforms) = postSolution
		{D3E4F3CF-A28D-44F3-B3E5-E181224911DE}.Debug|Win32.ActiveCfg = Debug|Win32
		{D3E4F3CF-A28D-44F3-B3E5-E181224911DE}.Debug|Win32.Build.0 = Debug|Win32
		{D3E4F3CF-A28D-44F3-B3E5-E181224911DE}.Release|Win32.ActiveCfg = Release|Win32
		{D3E4F3CF-A28D-44F3-B3E5-E181224911DE}.Release|Win32.Build.0 = Release|Win32
		{96601DBD-8D3A-4B73-9E8D-6E57CA499D7B}.Debug|Win32.ActiveCfg = Debug|Win32
		{96601DBD-8D3A-4B73-9E8D-6E57CA499D7B}.Debug|Win32.Build.0 = Debug|Win32
		{96601DBD-8D3A-4B73-9E8D-6E57CA499D7B}.Release|Win32.ActiveCfg = Release|Win32
		{96601DBD-8D3A-4B73-9E8D-6E57CA499D7B}.Release|Win32.Build.0 = Release|Win32
		{386E855F-D2D9-4D6C-A9FF-52341832636C}.Debug|Win32.ActiveCfg = Debug|Win32
		{386E855F-D2D9-4D6C-A9FF-52341832636C}.Debug|Win32.Build.0 = Debug|Win32
		{386E855F-D2D9-4D6C-A9FF-52341832636C}.Release|Win32.ActiveCfg = Release|Win32
		{386E855F-D2D9-4D6C-A9FF-52341832636C}.Release|Win32.Build.0 = Release|Win32
		{AE3F81FD-AFEA-4F44-85FE-FAA07CFDDC0B}.Debug|Win32.ActiveCfg = Debug|Win32
		{AE3F81FD-AFEA-4F44-85FE-FAA07CFDDC0B}.Debug|Win32.Build.0 = Debug|Win32
		{AE3F81FD-AFEA-4F44-85FE-FAA07CFDDC0B}.Release|Win32.ActiveCfg = Release|Win32
		{AE3F81FD-AFEA-4F44-85FE-FAA07CFDDC0B}.Release|Win32.Build.0 = Release|Win32
		{49DE8965-9551-4CE9-A7BE-C17DCCC7F153}.Debug|Win32.ActiveCfg = Debug|Win32
		{49DE8965-9551-4CE9-A7BE-C17DCCC7F153}.Debug|Win32.Build.0 = Debug|Win32
		{49DE8965-9551-4CE9-A7BE-C17DCCC7F153}.Release|Win32.ActiveCfg = Release|Win32
		{49DE8965-9551-4CE9-A7BE-C17DCCC7F153}.Release|Win32.Build.0 = Release|Win32
		{D701D9A4-5D6A-4A16-9D1A-85F3BBB86601}.Debug|Win32.ActiveCfg = Debug|Win32
		{D701D9A4-5D6A-4A16-9D1A-85F3BBB86601}.Debug|Win32.Build.0 = Debug|Win32
		{D701D9A4-5D6A-4A16-9D1A-85F3BBB86601}.Release|Win32.ActiveCfg = Release|Win32
		{D701D9A4-5D6A-4A16-9D1A-85F3BBB86601}.Release|Win32.Build.0 = Release|Win32
		{A16507DD-114B-4AB5-8E9F-C32C1520BECA}.Debug|Win32.ActiveCfg = Debug|Win32
		{A16507DD-114B-4AB5-8E9F-C32C1520BECA}.Debug|Win32.Build.0 = Debug|Win32
		{A16507DD-114B-4AB5-8E9F-C32C1520BECA}.Release|Win32.ActiveCfg = Release|Win32
		{A16507DD-114B-4AB5-8E9F-C32C1520BECA}.Release|Win32.Build.0 = Release|Win32
		{1BE0B11B-5C9B-40DB-B849-856BE53E2B55}.Debug|Win32.ActiveCfg = Debug|Win32
		{1BE0B11B-5C9B-40DB-B849-856BE53E2B55}.Debug|Win32.Build.0 = Debug|Win32
		{1BE0B11B-5C9B-40DB-B849-856BE53E2B55}.Release|Win32.ActiveCfg = Release|Win32
		{1BE0B11B-5C9B-40DB-B849-856BE53E2B55}.Release|Win32.Build.0 = Release|Win32
		{F4CA1F37-F033-47F8-9483-0EA8F6CF6C83}.Debug|Win32.ActiveCfg = Debug|Win32
		{F4CA1F37-F033-47F8-9483-0EA8F6CF6C83}.Debug|Win32.Build.0 = Debug|Win32
		{F4CA1F37-F033-47F8-9483-0EA8F6CF6C83}.Release|Win32.ActiveCfg = Release|Win32
		{F4CA1F37-F033-47F8-9483-0EA8F6CF6C83}.Release|Win32.Build.0 = Release|Win32
		{9A3E1337-A9C7-4187-96A1-8505C7F7B744}.Debug|Win32.ActiveCfg = Debug|Win32
		{9A3E1337-A9C7-4187-96A1-8505C7F7B744}.Debug|Win32.Build.0 = Debug|Win32
		{9A3E1337-A9C7-4187-96A1-8505C7F7B744}.Release|Win32.ActiveCfg = Release|Win32
		{9A3E1337-A9C7-4187-96A1-8505C7F7B744}.Release|Win32.Build.0 = Release|Win32
		{ED8EF2FC-363A-4C4C-9B54-EF2C6F3E0E92}.Debug|Win32.ActiveCfg = Debug|Win32
		{ED8EF2FC-363A-4C4C-9B54-EF2C6F3E0E92}.Debug|Win32.Build.0 = Debug|Win32
		{ED8EF2FC-363A-4C4C-9B54-EF2C6F3E0E92}.Release|Win32.ActiveCfg = Release|Win32
		{ED8EF2FC-363A-4C4C-9B54-EF2C6F3E0E92}.Release|Win32.Build.0 = Release|Win32
		{2E8B679B-2451-448C-AA5B-06BAE2BA8F2D}.Debug|Win32.ActiveCfg = Debug|Win32
		{2E8B679B-2451-448C-AA5B-06BAE2BA8F2D}.Debug|Win32.Build.0 = Debug|Win32
		{2E8B679B-2451-448C-AA5B-06BAE2BA8F2D}.Release|Win32.ActiveCfg = Release|Win32
		{2E8B679B-2451-448C-AA5B-06BAE2BA8F2D}.Release|Win32.Build.0 = Release|Win32
		{9211F603-D47A-4BC6-9B76-4EFF7633F9E2}.Debug|Win32.ActiveCfg = Debug|Win32
		{9211F603-D47A-4BC6-9B76-4EFF7633F9E2}.Debug|Win32.Build.0 = Debug|Win32
		{9211F603-D47A-4BC6-9B76-4EFF7633F9E2}.Release|Win32.ActiveCfg = Release|Win32
		{9211F603-D47A-4BC6-9B76-4EFF7633F9E2}.Release|Win32.Build.0 = Release|Win32
		{9A1B5382-0E59-467F-91D8-C1DD29DC0174}.Debug|Win32.ActiveCfg = Debug|Win32
		{9A1B5382-0E59-467F-91D8-C1DD29DC0174}.Debug|Win32.Build.0 = Debug|Win32
		{9A1B5382-0E59-467F-91D8-C1DD29DC0174}.Release|Win32.ActiveCfg = Release|Win32
		{9A1B5382-0E59-467F-91D8-C1DD29DC0174}.Release|Win32.Build.0 = Release|Win32
		{866E5F9C-C2D3-4B96-9928-37D9B06F2F99}.Debug|Win32.ActiveCfg = Debug|Win32
		{866E5F9C-C2D3-4B96-9928-37D9B06F2F99}.Debug|Win32.Build.0 = Debug|Win32
		{866E5F9C-C2D3-4B96-9928-37D9B06F2F99}.Release|Win32.ActiveCfg = Release|Win32
		{866E5F9C-C2D3-4B96-9928-37D9B06F2F99}.Release|Win32.Build.0 = Release|Win32
		{DE70A939-C522-4D56-9AB3-C7806149B746}.Debug|Win32.ActiveCfg = Debug|Win32
		{DE70A939-C522-4D56-9AB3-C7806149B746}.Debug|Win32.Build.0 = Debug|Win32
		{DE70A939-C522-4D56-9AB3-C7806149B746}.Release|Win32.ActiveCfg = Release|Win32
		{DE70A939-C522-4D56-9AB3-C7806149B746}.Release|Win32.Build.0 = Release|Win32
		{ECD91C76-60AB-43C1-9522-1064DCC622D4}.Debug|Win32.ActiveCfg = Debug|Win32
		{ECD91C76-60AB-43C1-9522-1064DCC622D4}.Debug|Win32.Build.0 = Debug|Win32
		{ECD91C76-60AB-43C1-9522-1064DCC622D4}.Release|Win32.ActiveCfg = Release|Win32
		{ECD91C76-60AB-43C1-9522-1064DCC622D4}.Release|Win32.Build.0 = Release|Win32
		{F52289F9-9CE5-431B-A0E7-8EB8D1BBCE77}.Debug|Win32.ActiveCfg = Debug|Win32
		{F52289F9-9CE5-431B-A0E7-8EB8D1BBCE77}.Debug|Win32.Build.0 = Debug|Win32
		{F52289F9-9CE5-431B-A0E7-8EB8D1BBCE77}.Release|Win32.ActiveCfg = Release|Win32
		{F52289F9-9CE5-431B-A0E7-8EB8D1BBCE77}.Release|Win32.Build.0 = Release|Win32
		{F91A0468-0009-4545-A652-DFA7E3E28B1D}.Debug|Win32.ActiveCfg = Debug|Win32
		{F91A0468-0009-4545-A652-DFA7E3E28B1D}.Debug|Win32.Build.0 = Debug|Win32
		{F91A0468-0009-4545-A652-DFA7E3E28B1D}.Release|Win32.ActiveCfg = Release|Win32
		{F91A0468-0009-4545-A652-DFA7E3E28B1D}.Release|Win32.Build.0 = Release|Win32
		{80E2B739-EA2F-42FE-BFEA-6EB8704C2F13}.Debug|Win32.ActiveCfg = Debug|Win32
		{80E2B739-EA2F-42FE-BFEA-6EB8704C2F13}.Debug|Win32.Build.0 = Debug|Win32
		{80E2B739-EA2F-42FE-BFEA-6EB8704C2F13}.Release|Win32.ActiveCfg = Release|Win32
		{80E2B739-EA2F-42FE-BFEA-6EB8704C2F13}.Release|Win32.Build.0 = Release|Win32
		{2E2E1BAE-88A7-400A-9AFF-D173AC7DFD05}.Debug|Win32.ActiveCfg = Debug|Win32
		{2E2E1BAE-88A7-400A-9AFF-D173AC7DFD05}.Debug|Win32.Build.0 = Debug|Win32
		{2E2E1BAE-88A7-400A-9AFF-D173AC7DFD05}.Release|Win32.ActiveCfg = Release|Win32
		{2E2E1BAE-88A7-400A-9AFF-D173AC7DFD05}.Release|Win32.Build.0 = Release|Win32
		{0C789670-E718-4065-84E2-36FA10F33492}.Debug|Win32.ActiveCfg = Debug|Win32
		{0C789670-E718-4065-84E2-36FA10F33492}.Debug|Win32.Build.0 = Debug|Win32
		{0C789670-E718-4065-84E2-36FA10F33492}.Release|Win32.ActiveCfg = Release|Win32
		{0C789670-E718-4065-84E2-36FA10F33492}.Release|Win32.Build.0 = Release|Win32
		{D561B2BD-64F2-4447-9C26-B54995F44665}.Debug|Win32.ActiveCfg = Debug|Win32
		{D561B2BD-64F2-4447-9C26-B54995F44665}.Debug|Win32.Build.0 = Debug|Win32
		{D561B2BD-64F2-4447-9C26-B54995F44665}.Release|Win32.ActiveCfg = Release|Win32
		{D561B2BD-64F2-4447-9C26-B54995F44665}.Release|Win32.Build.0 = Release|Win32
		{E1C4B6FC-0122-49DC-88F9-194A0BF0A515}.Debug|Win32.ActiveCfg = Debug|Win32
		{E1C4B6FC-0122-49DC-88F9-194A0BF0A515}.Debug|Win32.Build.0 = Debug|Win32
		{E1C4B6FC-0122-49DC-88F9-194A0BF0A515}.Release|Win32.ActiveCfg = Release|Win32
		{E1C4B6FC-0122-49DC-88F9-194A0BF0A515}.Release|Win32.Build.0 = Release|Win32
		{623D2093-1F45-4250-8970-23B5510B1E7A}.Debug|Win32.ActiveCfg = Debug|Win32
		{623D2093-1F45-4250-8970-23B5510B1E7A}.Debug|Win32.Build.0 = Debug|Win32
		{623D2093-1F45-4250-8970-23B5510B1E7A}.Release|Win32.ActiveCfg = Release|Win32
		{623D2093-1F45-4250-8970-23B5510B1E7A}.Release|Win32.Build.0 = Release|Win32
		{8B436682-D0F7-4F6A-BCCF-52A4B8B6E2FD}.Debug|Win32.ActiveCfg = Debug|Win32
		{8B436682-D0F7-4F6A-BCCF-52A4B8B6E2FD}.Debug|Win32.Build.0 = Debug|Win32
		{8B436682-D0F7-4F6A-BCCF-52A4B8B6E2FD}.Release|Win32.ActiveCfg = Release|Win32
		{8B436682-D0F7-4F6A-BCCF-52A4B8B6E2FD}.Release|Win32.Build.0 = Release|Win32
		{72EA710B-AEC1-43D3-80DD-98514515591B}.Debug|Win32.ActiveCfg = Debug|Win32
		{72EA710B-AEC1-43D3-80DD-98514515591B}.Debug|Win32.Build.0 = Debug|Win32
		{72EA710B-AEC1-43D3-80DD-98514515591B}.Release|Win32.ActiveCfg = Release|Win32
		{72EA710B-AEC1-43D3-80DD-98514515591B}.Release|Win32.Build.0 = Release|Win32
		{4D313858-20DA-49FF-853E-10DCF1684212}.Debug|Win32.ActiveCfg = Debug|Win32
		{4D313858-20DA-49FF-853E-10DCF1684212}.Debug|Win32.Build.0 = Debug|Win32
		{4D313858-20DA-49FF-853E-10DCF1684212}.Release|Win32.ActiveCfg = Release|Win32
		{4D313858-20DA-49FF-853E-10DCF1684212}.Release|Win32.Build.0 = Release|Win32
		{68214DE4-197A-488B-8803-F46FC4C63256}.Debug|Win32.ActiveCfg = Debug|Win32
		{68214DE4-197A-488B-8803-F46FC4C63256}.Debug|Win32.Build.0 = Debug|Win32
		{68214DE4-197A-488B-8803-F46FC4C63256}.Release|Win32.ActiveCfg = Release|Win32
		{68214DE4-197A-488B-8803-F46FC4C63256}.Release|Win32.Build.0 = Release|Win32
		{F134CA97-129E-4674-A0F8-289EBB6865A8}.Debug|Win32.ActiveCfg = Debug|Win32
		{F134CA97-129E-4674-A0F8-289EBB6865A8}.Debug|Win32.Build.0 = Debug|Win32
		{F134CA97-129E-4674-A0F8-289EBB6865A8}.Release|Win32.ActiveCfg = Release|Win32
		{F134CA97-129E-4674-A0F8-289EBB6865A8}.Release|Win32.Build.0 = Release|Win32
		{2B298E8F-3E07-49B8-AC75-FA3A48513C39}.Debug|Win32.ActiveCfg = Debug|Win32
		{2B298E8F-3E07-49B8-AC75-FA3A48513C39}.Debug|Win32.Build.0 = Debug|Win32
		{2B298E8F-3E07-49B8-AC75-FA3A48513C39}.Release|Win32.ActiveCfg = Release|Win32
		{2B298E8F-3E07-49B8-AC75-FA3A48513C39}.Release|Win32.Build.0 = Release|Win32
		{0061717D-0DD2-4B05-B946-C8C28743B193}.Debug|Win32.ActiveCfg = Debug|Win32
		{0061717D-0DD2-4B05-B946-C8C28743B193}.Debug|Win32.Build.0 = Debug|Win32
		{0061717D-0DD2-4B05-B946-C8C28743B193}.Release|Win32.ActiveCfg = Release|Win32
		{0061717D-0DD2-4B05-B946-C8C28743B193}.Release|Win32.Build.0 = Release|Win32
		{92DAFFCA-66C2-48AF-8B7A-96A3B1C52E1C}.Debug|Win32.ActiveCfg = Debug|Win32
		{92DAFFCA-66C2-48AF-8B7A-96A3B1C52E1C}.Debug|Win32.Build.0 = Debug|Win32
		{92DAFFCA-66C2-48AF-8B7A-96A3B1C52E1C}.Release|Win32.ActiveCfg = Release|Win32
		{92DAFFCA-66C2-48AF-8B7A-96A3B1C52E1C}.Release|Win32.Build.0 = Release|Win32
		{470B99AF-BC9C-4DFF-B357-17AA36005662}.Debug|Win32.ActiveCfg = Debug|Win32
		{470B99AF-BC9C-4DFF-B357-17AA36005662}.Debug|Win32.Build.0 = Debug|Win32
		{470B99AF-BC9C-4DFF-B357-17AA36005662}.Release|Win32.ActiveCfg = Release|Win32
		{470B99AF-BC9C-4DFF-B357-17AA36005662}.Release|Win32.Build.0 = Release|Win32
		{F98E770D-89E1-49FB-9ED1-F8BBDE73B12B}.Debug|Win32.ActiveCfg = Debug|Win32
		{F98E770D-89E1-49FB-9ED1-F8BBDE73B12B}.Debug|Win32.Build.0 = Debug|Win32
		{F98E770D-89E1-49FB-9ED1-F8BBDE73B12B}.Release|Win32.ActiveCfg = Release|Win32
		{F98E770D-89E1-49FB-9ED1-F8BBDE73B12B}.Release|Win32.Build.0 = Release|Win32
		{9757E8B1-6FB3-4B9B-9290-99F788A5E9E0}.Debug|Win32.ActiveCfg = Debug|Win32
		{9757E8B1-6FB3-4B9B-9290-99F788A5E9E0}.Debug|Win32.Build.0 = Debug|Win32
		{9757E8B1-6FB3-4B9B-9290-99F788A5E9E0}.Release|Win32.ActiveCfg = Release|Win32
		{9757E8B1-6FB3-4B9B-9290-99F788A5E9E0}.Release|Win32.Build.0 = Release|Win32
		{8EC4462A-913A-4301-BF4F-2F65FE4D2F3A}.Debug|Win32.ActiveCfg = Debug|Win32
		{8EC4462A-913A-4301-BF4F-2F65FE4D2F3A}.Debug|Win32.Build.0 = Debug|Win32
		{8EC4462A-913A-4301-BF4F-2F65FE4D2F3A}.Release|Win32.ActiveCfg = Release|Win32
		{8EC4462A-913A-4301-BF4F-2F65FE4D2F3A}.Release|Win32.Build.0 = Release|Win32
		{7F95E483-68CA-42DD-8940-360E42D3BA6C}.Debug|Win32.ActiveCfg = Debug|Win32
		{7F95E483-68CA-42DD-8940-360E42D3BA6C}.Debug|Win32.Build.0 = Debug|Win32
		{7F95E483-68CA-42DD-8940-360E42D3BA6C}.Release|Win32.ActiveCfg = Release|Win32
		{7F95E483-68CA-42DD-8940-360E42D3BA6C}.Release|Win32.Build.0 = Release|Win32
		{10CE8612-16E2-4153-BF3F-82BF6E052981}.Debug|Win32.ActiveCfg = Debug|Win32
		{10CE8612-16E2-4153-BF3F-82BF6E052981}.Debug|Win32.Build.0 = Debug|Win32
		{10CE8612-16E2-4153-BF3F-82BF6E052981}.Release|Win32.ActiveCfg = Release|Win32
		{10CE8612-16E2-4153-BF3F-82BF6E052981}.Release|Win32.Build.0 = Release|Win32
		{0551F09B-F0E5-4A25-A743-8D1800FAF691}.Debug|Win32.ActiveCfg = Debug|Win32
		{0551F09B-F0E5-4A25-A743-8D1800FAF691}.Debug|Win32.Build.0 = Debug|Win32
		{0551F09B-F0E5-4A25-A743-8D1800FAF691}.Release|Win32.ActiveCfg = Release|Win32
		{0551F09B-F0E5-4A25-A743-8D1800FAF691}.Release|Win32.Build.0 = Release|Win32
	EndGlobalSection
	GlobalSection(SolutionProperties) = preSolution
		HideSolutionNode = FALSE
	EndGlobalSection
EndGlobal
