
Microsoft Visual Studio Solution File, Format Version 11.00
# Visual Studio 2010
Project("{8BC9CEB8-8B4A-11D0-8D11-00A0C91BC942}") = "p.36", "p.36\p.36.vcxproj", "{6A2E19A0-F6E7-4F21-AFA8-F1464015B952}"
EndProject
Project("{8BC9CEB8-8B4A-11D0-8D11-00A0C91BC942}") = "p.47", "p.47\p.47.vcxproj", "{750F8163-EBD9-438C-8080-9EBF84DC1B8E}"
EndProject
Project("{8BC9CEB8-8B4A-11D0-8D11-00A0C91BC942}") = "p.65_1", "p.65_1\p.65_1.vcxproj", "{846A23CA-6FA4-453A-997F-CFEAE8F97390}"
EndProject
Project("{8BC9CEB8-8B4A-11D0-8D11-00A0C91BC942}") = "p.65_2", "p.65_2\p.65_2.vcxproj", "{545627FA-76E6-45F6-BDEF-A55243BFDBF7}"
EndProject
Project("{8BC9CEB8-8B4A-11D0-8D11-00A0C91BC942}") = "P.65_3", "P.65_3\P.65_3.vcxproj", "{FF0FEC28-9485-4348-9888-CB6E209B2F4D}"
EndProject
Project("{8BC9CEB8-8B4A-11D0-8D11-00A0C91BC942}") = "p.65_4", "p.65_4\p.65_4.vcxproj", "{768E43A1-CCDF-4C92-92BA-74B18A3CF72D}"
EndProject
Project("{8BC9CEB8-8B4A-11D0-8D11-00A0C91BC942}") = "p.65_5", "p.65_5\p.65_5.vcxproj", "{A0DF8A52-BA81-44E8-963A-B907D3441686}"
EndProject
Project("{8BC9CEB8-8B4A-11D0-8D11-00A0C91BC942}") = "p.65_6", "p.65_6\p.65_6.vcxproj", "{4BD345E2-E1F4-4B4D-8F58-535E26253965}"
EndProject
Project("{8BC9CEB8-8B4A-11D0-8D11-00A0C91BC942}") = "p.65_7", "p.65_7\p.65_7.vcxproj", "{065F568C-9081-4660-8C3E-5D1A9910ECAC}"
EndProject
Project("{8BC9CEB8-8B4A-11D0-8D11-00A0C91BC942}") = "p.65_8", "p.65_8\p.65_8.vcxproj", "{1B73AAB1-E2E5-4E4A-86FC-F1BF6BAC9092}"
EndProject
Project("{8BC9CEB8-8B4A-11D0-8D11-00A0C91BC942}") = "p.65_9", "p.65_9\p.65_9.vcxproj", "{438284DF-8A3A-4B04-B9C5-4CE9ADB69CDF}"
EndProject
Project("{8BC9CEB8-8B4A-11D0-8D11-00A0C91BC942}") = "p.65_10", "p.65_10\p.65_10.vcxproj", "{02A6C8EF-A55A-4E26-B152-429F188C8288}"
EndProject
Project("{8BC9CEB8-8B4A-11D0-8D11-00A0C91BC942}") = "p.65_11", "p.65_11\p.65_11.vcxproj", "{6EC856C0-4253-49DD-9E14-4F57705114C4}"
EndProject
Project("{8BC9CEB8-8B4A-11D0-8D11-00A0C91BC942}") = "p.65_12", "p.65_12\p.65_12.vcxproj", "{6A2B9071-6752-4A5B-AD11-31FB258E1203}"
EndProject
Project("{8BC9CEB8-8B4A-11D0-8D11-00A0C91BC942}") = "p.65_13", "p.65_13\p.65_13.vcxproj", "{990B190E-78D1-4DF0-A2FB-99767667B7A6}"
EndProject
Project("{8BC9CEB8-8B4A-11D0-8D11-00A0C91BC942}") = "p.65_15", "p.65_15\p.65_15.vcxproj", "{743B7628-0630-4537-9393-974C55D3F3EA}"
EndProject
Project("{8BC9CEB8-8B4A-11D0-8D11-00A0C91BC942}") = "p.65_14", "p.65_14\p.65_14.vcxproj", "{35A5F25A-7FC5-4641-8008-D5479243926E}"
EndProject
Project("{8BC9CEB8-8B4A-11D0-8D11-00A0C91BC942}") = "p.65_16", "p.65_16\p.65_16.vcxproj", "{8758E5B4-3315-4C17-992A-A8A9BF9E8D2E}"
EndProject
Project("{8BC9CEB8-8B4A-11D0-8D11-00A0C91BC942}") = "(심화)p.65_1", "p.65_1(심화)\p.65_1(심화).vcxproj", "{68EF4EA2-391B-43E1-AD52-0B9F9F511FF0}"
EndProject
Project("{8BC9CEB8-8B4A-11D0-8D11-00A0C91BC942}") = "(심화)p.65_2", "(심화)p.65_2\(심화)p.65_2.vcxproj", "{9B7212C0-B062-40C7-82F0-0D75D646D825}"
EndProject
Project("{8BC9CEB8-8B4A-11D0-8D11-00A0C91BC942}") = "(심화)p.65_3", "(심화)p.65_3\(심화)p.65_3.vcxproj", "{C9DCA209-7467-4B31-8F54-997712A2279C}"
EndProject
Project("{8BC9CEB8-8B4A-11D0-8D11-00A0C91BC942}") = "(심화)p.65_4", "(심화)p.65_4\(심화)p.65_4.vcxproj", "{59B37705-867C-43E4-BEAD-0E35987F17CA}"
EndProject
Global
	GlobalSection(SolutionConfigurationPlatforms) = preSolution
		Debug|Win32 = Debug|Win32
		Release|Win32 = Release|Win32
	EndGlobalSection
	GlobalSection(ProjectConfigurationPlatforms) = postSolution
		{6A2E19A0-F6E7-4F21-AFA8-F1464015B952}.Debug|Win32.ActiveCfg = Debug|Win32
		{6A2E19A0-F6E7-4F21-AFA8-F1464015B952}.Debug|Win32.Build.0 = Debug|Win32
		{6A2E19A0-F6E7-4F21-AFA8-F1464015B952}.Release|Win32.ActiveCfg = Release|Win32
		{6A2E19A0-F6E7-4F21-AFA8-F1464015B952}.Release|Win32.Build.0 = Release|Win32
		{750F8163-EBD9-438C-8080-9EBF84DC1B8E}.Debug|Win32.ActiveCfg = Debug|Win32
		{750F8163-EBD9-438C-8080-9EBF84DC1B8E}.Debug|Win32.Build.0 = Debug|Win32
		{750F8163-EBD9-438C-8080-9EBF84DC1B8E}.Release|Win32.ActiveCfg = Release|Win32
		{750F8163-EBD9-438C-8080-9EBF84DC1B8E}.Release|Win32.Build.0 = Release|Win32
		{846A23CA-6FA4-453A-997F-CFEAE8F97390}.Debug|Win32.ActiveCfg = Debug|Win32
		{846A23CA-6FA4-453A-997F-CFEAE8F97390}.Debug|Win32.Build.0 = Debug|Win32
		{846A23CA-6FA4-453A-997F-CFEAE8F97390}.Release|Win32.ActiveCfg = Release|Win32
		{846A23CA-6FA4-453A-997F-CFEAE8F97390}.Release|Win32.Build.0 = Release|Win32
		{545627FA-76E6-45F6-BDEF-A55243BFDBF7}.Debug|Win32.ActiveCfg = Debug|Win32
		{545627FA-76E6-45F6-BDEF-A55243BFDBF7}.Debug|Win32.Build.0 = Debug|Win32
		{545627FA-76E6-45F6-BDEF-A55243BFDBF7}.Release|Win32.ActiveCfg = Release|Win32
		{545627FA-76E6-45F6-BDEF-A55243BFDBF7}.Release|Win32.Build.0 = Release|Win32
		{FF0FEC28-9485-4348-9888-CB6E209B2F4D}.Debug|Win32.ActiveCfg = Debug|Win32
		{FF0FEC28-9485-4348-9888-CB6E209B2F4D}.Debug|Win32.Build.0 = Debug|Win32
		{FF0FEC28-9485-4348-9888-CB6E209B2F4D}.Release|Win32.ActiveCfg = Release|Win32
		{FF0FEC28-9485-4348-9888-CB6E209B2F4D}.Release|Win32.Build.0 = Release|Win32
		{768E43A1-CCDF-4C92-92BA-74B18A3CF72D}.Debug|Win32.ActiveCfg = Debug|Win32
		{768E43A1-CCDF-4C92-92BA-74B18A3CF72D}.Debug|Win32.Build.0 = Debug|Win32
		{768E43A1-CCDF-4C92-92BA-74B18A3CF72D}.Release|Win32.ActiveCfg = Release|Win32
		{768E43A1-CCDF-4C92-92BA-74B18A3CF72D}.Release|Win32.Build.0 = Release|Win32
		{A0DF8A52-BA81-44E8-963A-B907D3441686}.Debug|Win32.ActiveCfg = Debug|Win32
		{A0DF8A52-BA81-44E8-963A-B907D3441686}.Debug|Win32.Build.0 = Debug|Win32
		{A0DF8A52-BA81-44E8-963A-B907D3441686}.Release|Win32.ActiveCfg = Release|Win32
		{A0DF8A52-BA81-44E8-963A-B907D3441686}.Release|Win32.Build.0 = Release|Win32
		{4BD345E2-E1F4-4B4D-8F58-535E26253965}.Debug|Win32.ActiveCfg = Debug|Win32
		{4BD345E2-E1F4-4B4D-8F58-535E26253965}.Debug|Win32.Build.0 = Debug|Win32
		{4BD345E2-E1F4-4B4D-8F58-535E26253965}.Release|Win32.ActiveCfg = Release|Win32
		{4BD345E2-E1F4-4B4D-8F58-535E26253965}.Release|Win32.Build.0 = Release|Win32
		{065F568C-9081-4660-8C3E-5D1A9910ECAC}.Debug|Win32.ActiveCfg = Debug|Win32
		{065F568C-9081-4660-8C3E-5D1A9910ECAC}.Debug|Win32.Build.0 = Debug|Win32
		{065F568C-9081-4660-8C3E-5D1A9910ECAC}.Release|Win32.ActiveCfg = Release|Win32
		{065F568C-9081-4660-8C3E-5D1A9910ECAC}.Release|Win32.Build.0 = Release|Win32
		{1B73AAB1-E2E5-4E4A-86FC-F1BF6BAC9092}.Debug|Win32.ActiveCfg = Debug|Win32
		{1B73AAB1-E2E5-4E4A-86FC-F1BF6BAC9092}.Debug|Win32.Build.0 = Debug|Win32
		{1B73AAB1-E2E5-4E4A-86FC-F1BF6BAC9092}.Release|Win32.ActiveCfg = Release|Win32
		{1B73AAB1-E2E5-4E4A-86FC-F1BF6BAC9092}.Release|Win32.Build.0 = Release|Win32
		{438284DF-8A3A-4B04-B9C5-4CE9ADB69CDF}.Debug|Win32.ActiveCfg = Debug|Win32
		{438284DF-8A3A-4B04-B9C5-4CE9ADB69CDF}.Debug|Win32.Build.0 = Debug|Win32
		{438284DF-8A3A-4B04-B9C5-4CE9ADB69CDF}.Release|Win32.ActiveCfg = Release|Win32
		{438284DF-8A3A-4B04-B9C5-4CE9ADB69CDF}.Release|Win32.Build.0 = Release|Win32
		{02A6C8EF-A55A-4E26-B152-429F188C8288}.Debug|Win32.ActiveCfg = Debug|Win32
		{02A6C8EF-A55A-4E26-B152-429F188C8288}.Debug|Win32.Build.0 = Debug|Win32
		{02A6C8EF-A55A-4E26-B152-429F188C8288}.Release|Win32.ActiveCfg = Release|Win32
		{02A6C8EF-A55A-4E26-B152-429F188C8288}.Release|Win32.Build.0 = Release|Win32
		{6EC856C0-4253-49DD-9E14-4F57705114C4}.Debug|Win32.ActiveCfg = Debug|Win32
		{6EC856C0-4253-49DD-9E14-4F57705114C4}.Debug|Win32.Build.0 = Debug|Win32
		{6EC856C0-4253-49DD-9E14-4F57705114C4}.Release|Win32.ActiveCfg = Release|Win32
		{6EC856C0-4253-49DD-9E14-4F57705114C4}.Release|Win32.Build.0 = Release|Win32
		{6A2B9071-6752-4A5B-AD11-31FB258E1203}.Debug|Win32.ActiveCfg = Debug|Win32
		{6A2B9071-6752-4A5B-AD11-31FB258E1203}.Debug|Win32.Build.0 = Debug|Win32
		{6A2B9071-6752-4A5B-AD11-31FB258E1203}.Release|Win32.ActiveCfg = Release|Win32
		{6A2B9071-6752-4A5B-AD11-31FB258E1203}.Release|Win32.Build.0 = Release|Win32
		{990B190E-78D1-4DF0-A2FB-99767667B7A6}.Debug|Win32.ActiveCfg = Debug|Win32
		{990B190E-78D1-4DF0-A2FB-99767667B7A6}.Debug|Win32.Build.0 = Debug|Win32
		{990B190E-78D1-4DF0-A2FB-99767667B7A6}.Release|Win32.ActiveCfg = Release|Win32
		{990B190E-78D1-4DF0-A2FB-99767667B7A6}.Release|Win32.Build.0 = Release|Win32
		{743B7628-0630-4537-9393-974C55D3F3EA}.Debug|Win32.ActiveCfg = Debug|Win32
		{743B7628-0630-4537-9393-974C55D3F3EA}.Debug|Win32.Build.0 = Debug|Win32
		{743B7628-0630-4537-9393-974C55D3F3EA}.Release|Win32.ActiveCfg = Release|Win32
		{743B7628-0630-4537-9393-974C55D3F3EA}.Release|Win32.Build.0 = Release|Win32
		{35A5F25A-7FC5-4641-8008-D5479243926E}.Debug|Win32.ActiveCfg = Debug|Win32
		{35A5F25A-7FC5-4641-8008-D5479243926E}.Debug|Win32.Build.0 = Debug|Win32
		{35A5F25A-7FC5-4641-8008-D5479243926E}.Release|Win32.ActiveCfg = Release|Win32
		{35A5F25A-7FC5-4641-8008-D5479243926E}.Release|Win32.Build.0 = Release|Win32
		{8758E5B4-3315-4C17-992A-A8A9BF9E8D2E}.Debug|Win32.ActiveCfg = Debug|Win32
		{8758E5B4-3315-4C17-992A-A8A9BF9E8D2E}.Debug|Win32.Build.0 = Debug|Win32
		{8758E5B4-3315-4C17-992A-A8A9BF9E8D2E}.Release|Win32.ActiveCfg = Release|Win32
		{8758E5B4-3315-4C17-992A-A8A9BF9E8D2E}.Release|Win32.Build.0 = Release|Win32
		{68EF4EA2-391B-43E1-AD52-0B9F9F511FF0}.Debug|Win32.ActiveCfg = Debug|Win32
		{68EF4EA2-391B-43E1-AD52-0B9F9F511FF0}.Debug|Win32.Build.0 = Debug|Win32
		{68EF4EA2-391B-43E1-AD52-0B9F9F511FF0}.Release|Win32.ActiveCfg = Release|Win32
		{68EF4EA2-391B-43E1-AD52-0B9F9F511FF0}.Release|Win32.Build.0 = Release|Win32
		{9B7212C0-B062-40C7-82F0-0D75D646D825}.Debug|Win32.ActiveCfg = Debug|Win32
		{9B7212C0-B062-40C7-82F0-0D75D646D825}.Debug|Win32.Build.0 = Debug|Win32
		{9B7212C0-B062-40C7-82F0-0D75D646D825}.Release|Win32.ActiveCfg = Release|Win32
		{9B7212C0-B062-40C7-82F0-0D75D646D825}.Release|Win32.Build.0 = Release|Win32
		{C9DCA209-7467-4B31-8F54-997712A2279C}.Debug|Win32.ActiveCfg = Debug|Win32
		{C9DCA209-7467-4B31-8F54-997712A2279C}.Debug|Win32.Build.0 = Debug|Win32
		{C9DCA209-7467-4B31-8F54-997712A2279C}.Release|Win32.ActiveCfg = Release|Win32
		{C9DCA209-7467-4B31-8F54-997712A2279C}.Release|Win32.Build.0 = Release|Win32
		{59B37705-867C-43E4-BEAD-0E35987F17CA}.Debug|Win32.ActiveCfg = Debug|Win32
		{59B37705-867C-43E4-BEAD-0E35987F17CA}.Debug|Win32.Build.0 = Debug|Win32
		{59B37705-867C-43E4-BEAD-0E35987F17CA}.Release|Win32.ActiveCfg = Release|Win32
		{59B37705-867C-43E4-BEAD-0E35987F17CA}.Release|Win32.Build.0 = Release|Win32
	EndGlobalSection
	GlobalSection(SolutionProperties) = preSolution
		HideSolutionNode = FALSE
	EndGlobalSection
EndGlobal
