
Microsoft Visual Studio Solution File, Format Version 11.00
# Visual Studio 2010
Project("{8BC9CEB8-8B4A-11D0-8D11-00A0C91BC942}") = "p.210_2", "p.210_2\p.210_2.vcxproj", "{C5FCFB96-7E8A-461A-9B14-7AA50933C82D}"
EndProject
Project("{8BC9CEB8-8B4A-11D0-8D11-00A0C91BC942}") = "p.210_3", "p.210_3\p.210_3.vcxproj", "{990D6D77-3ACB-4CF0-AD31-3995AF035323}"
EndProject
Project("{8BC9CEB8-8B4A-11D0-8D11-00A0C91BC942}") = "p.210_4", "p.210_4\p.210_4.vcxproj", "{9891E1F4-6A18-49D7-BC96-E49577126269}"
EndProject
Project("{8BC9CEB8-8B4A-11D0-8D11-00A0C91BC942}") = "p.210_5", "p.210_5\p.210_5.vcxproj", "{558C9D2C-3D6B-4932-BA30-24786A087291}"
EndProject
Project("{8BC9CEB8-8B4A-11D0-8D11-00A0C91BC942}") = "p.210_6", "p.210_6\p.210_6.vcxproj", "{B5D7B927-5283-44B2-B297-151762F33598}"
EndProject
Project("{8BC9CEB8-8B4A-11D0-8D11-00A0C91BC942}") = "p.210_7", "p.210_7\p.210_7.vcxproj", "{F12ABC0F-56BB-4462-A7D1-54CC9D159CA8}"
EndProject
Project("{8BC9CEB8-8B4A-11D0-8D11-00A0C91BC942}") = "p.210_8", "p.210_8\p.210_8.vcxproj", "{E0720B81-164F-4108-86C6-24DE8D681D2B}"
EndProject
Project("{8BC9CEB8-8B4A-11D0-8D11-00A0C91BC942}") = "p.210_9", "p.210_9\p.210_9.vcxproj", "{F5081735-226F-4466-AA59-6AEA5BD76F8A}"
EndProject
Project("{8BC9CEB8-8B4A-11D0-8D11-00A0C91BC942}") = "p.210_10", "p.210_10\p.210_10.vcxproj", "{8AC7B27F-513F-4509-AEDE-0C54DC96C3D5}"
EndProject
Global
	GlobalSection(SolutionConfigurationPlatforms) = preSolution
		Debug|Win32 = Debug|Win32
		Release|Win32 = Release|Win32
	EndGlobalSection
	GlobalSection(ProjectConfigurationPlatforms) = postSolution
		{C5FCFB96-7E8A-461A-9B14-7AA50933C82D}.Debug|Win32.ActiveCfg = Debug|Win32
		{C5FCFB96-7E8A-461A-9B14-7AA50933C82D}.Debug|Win32.Build.0 = Debug|Win32
		{C5FCFB96-7E8A-461A-9B14-7AA50933C82D}.Release|Win32.ActiveCfg = Release|Win32
		{C5FCFB96-7E8A-461A-9B14-7AA50933C82D}.Release|Win32.Build.0 = Release|Win32
		{990D6D77-3ACB-4CF0-AD31-3995AF035323}.Debug|Win32.ActiveCfg = Debug|Win32
		{990D6D77-3ACB-4CF0-AD31-3995AF035323}.Debug|Win32.Build.0 = Debug|Win32
		{990D6D77-3ACB-4CF0-AD31-3995AF035323}.Release|Win32.ActiveCfg = Release|Win32
		{990D6D77-3ACB-4CF0-AD31-3995AF035323}.Release|Win32.Build.0 = Release|Win32
		{9891E1F4-6A18-49D7-BC96-E49577126269}.Debug|Win32.ActiveCfg = Debug|Win32
		{9891E1F4-6A18-49D7-BC96-E49577126269}.Debug|Win32.Build.0 = Debug|Win32
		{9891E1F4-6A18-49D7-BC96-E49577126269}.Release|Win32.ActiveCfg = Release|Win32
		{9891E1F4-6A18-49D7-BC96-E49577126269}.Release|Win32.Build.0 = Release|Win32
		{558C9D2C-3D6B-4932-BA30-24786A087291}.Debug|Win32.ActiveCfg = Debug|Win32
		{558C9D2C-3D6B-4932-BA30-24786A087291}.Debug|Win32.Build.0 = Debug|Win32
		{558C9D2C-3D6B-4932-BA30-24786A087291}.Release|Win32.ActiveCfg = Release|Win32
		{558C9D2C-3D6B-4932-BA30-24786A087291}.Release|Win32.Build.0 = Release|Win32
		{B5D7B927-5283-44B2-B297-151762F33598}.Debug|Win32.ActiveCfg = Debug|Win32
		{B5D7B927-5283-44B2-B297-151762F33598}.Debug|Win32.Build.0 = Debug|Win32
		{B5D7B927-5283-44B2-B297-151762F33598}.Release|Win32.ActiveCfg = Release|Win32
		{B5D7B927-5283-44B2-B297-151762F33598}.Release|Win32.Build.0 = Release|Win32
		{F12ABC0F-56BB-4462-A7D1-54CC9D159CA8}.Debug|Win32.ActiveCfg = Debug|Win32
		{F12ABC0F-56BB-4462-A7D1-54CC9D159CA8}.Debug|Win32.Build.0 = Debug|Win32
		{F12ABC0F-56BB-4462-A7D1-54CC9D159CA8}.Release|Win32.ActiveCfg = Release|Win32
		{F12ABC0F-56BB-4462-A7D1-54CC9D159CA8}.Release|Win32.Build.0 = Release|Win32
		{E0720B81-164F-4108-86C6-24DE8D681D2B}.Debug|Win32.ActiveCfg = Debug|Win32
		{E0720B81-164F-4108-86C6-24DE8D681D2B}.Debug|Win32.Build.0 = Debug|Win32
		{E0720B81-164F-4108-86C6-24DE8D681D2B}.Release|Win32.ActiveCfg = Release|Win32
		{E0720B81-164F-4108-86C6-24DE8D681D2B}.Release|Win32.Build.0 = Release|Win32
		{F5081735-226F-4466-AA59-6AEA5BD76F8A}.Debug|Win32.ActiveCfg = Debug|Win32
		{F5081735-226F-4466-AA59-6AEA5BD76F8A}.Debug|Win32.Build.0 = Debug|Win32
		{F5081735-226F-4466-AA59-6AEA5BD76F8A}.Release|Win32.ActiveCfg = Release|Win32
		{F5081735-226F-4466-AA59-6AEA5BD76F8A}.Release|Win32.Build.0 = Release|Win32
		{8AC7B27F-513F-4509-AEDE-0C54DC96C3D5}.Debug|Win32.ActiveCfg = Debug|Win32
		{8AC7B27F-513F-4509-AEDE-0C54DC96C3D5}.Debug|Win32.Build.0 = Debug|Win32
		{8AC7B27F-513F-4509-AEDE-0C54DC96C3D5}.Release|Win32.ActiveCfg = Release|Win32
		{8AC7B27F-513F-4509-AEDE-0C54DC96C3D5}.Release|Win32.Build.0 = Release|Win32
	EndGlobalSection
	GlobalSection(SolutionProperties) = preSolution
		HideSolutionNode = FALSE
	EndGlobalSection
EndGlobal
